// !$*UTF8*$!
{
	archiveVersion = 1;
	classes = {
	};
	objectVersion = 55;
	objects = {

/* Begin PBXBuildFile section */
		2C628BA527CFD60D00930306 /* azizmhkg13App.swift in Sources */ = {isa = PBXBuildFile; fileRef = 2C628BA427CFD60D00930306 /* azizmhkg13App.swift */; };
		2C628BA727CFD60D00930306 /* ContentView.swift in Sources */ = {isa = PBXBuildFile; fileRef = 2C628BA627CFD60D00930306 /* ContentView.swift */; };
		2C628BA927CFD60F00930306 /* Assets.xcassets in Resources */ = {isa = PBXBuildFile; fileRef = 2C628BA827CFD60F00930306 /* Assets.xcassets */; };
		2C628BAC27CFD60F00930306 /* Preview Assets.xcassets in Resources */ = {isa = PBXBuildFile; fileRef = 2C628BAB27CFD60F00930306 /* Preview Assets.xcassets */; };
		2C628BB627CFD61000930306 /* azizmhkg13Tests.swift in Sources */ = {isa = PBXBuildFile; fileRef = 2C628BB527CFD61000930306 /* azizmhkg13Tests.swift */; };
		2C628BC027CFD61000930306 /* azizmhkg13UITests.swift in Sources */ = {isa = PBXBuildFile; fileRef = 2C628BBF27CFD61000930306 /* azizmhkg13UITests.swift */; };
		2C628BC227CFD61000930306 /* azizmhkg13UITestsLaunchTests.swift in Sources */ = {isa = PBXBuildFile; fileRef = 2C628BC127CFD61000930306 /* azizmhkg13UITestsLaunchTests.swift */; };
/* End PBXBuildFile section */

/* Begin PBXContainerItemProxy section */
		2C628BB227CFD61000930306 /* PBXContainerItemProxy */ = {
			isa = PBXContainerItemProxy;
			containerPortal = 2C628B9927CFD60C00930306 /* Project object */;
			proxyType = 1;
			remoteGlobalIDString = 2C628BA027CFD60D00930306;
			remoteInfo = azizmhkg13;
		};
		2C628BBC27CFD61000930306 /* PBXContainerItemProxy */ = {
			isa = PBXContainerItemProxy;
			containerPortal = 2C628B9927CFD60C00930306 /* Project object */;
			proxyType = 1;
			remoteGlobalIDString = 2C628BA027CFD60D00930306;
			remoteInfo = azizmhkg13;
		};
/* End PBXContainerItemProxy section */

/* Begin PBXFileReference section */
		2C628BA127CFD60D00930306 /* azizmhkg13.app */ = {isa = PBXFileReference; explicitFileType = wrapper.application; includeInIndex = 0; path = azizmhkg13.app; sourceTree = BUILT_PRODUCTS_DIR; };
		2C628BA427CFD60D00930306 /* azizmhkg13App.swift */ = {isa = PBXFileReference; lastKnownFileType = sourcecode.swift; path = azizmhkg13App.swift; sourceTree = "<group>"; };
		2C628BA627CFD60D00930306 /* ContentView.swift */ = {isa = PBXFileReference; lastKnownFileType = sourcecode.swift; path = ContentView.swift; sourceTree = "<group>"; };
		2C628BA827CFD60F00930306 /* Assets.xcassets */ = {isa = PBXFileReference; lastKnownFileType = folder.assetcatalog; path = Assets.xcassets; sourceTree = "<group>"; };
		2C628BAB27CFD60F00930306 /* Preview Assets.xcassets */ = {isa = PBXFileReference; lastKnownFileType = folder.assetcatalog; path = "Preview Assets.xcassets"; sourceTree = "<group>"; };
		2C628BB127CFD61000930306 /* azizmhkg13Tests.xctest */ = {isa = PBXFileReference; explicitFileType = wrapper.cfbundle; includeInIndex = 0; path = azizmhkg13Tests.xctest; sourceTree = BUILT_PRODUCTS_DIR; };
		2C628BB527CFD61000930306 /* azizmhkg13Tests.swift */ = {isa = PBXFileReference; lastKnownFileType = sourcecode.swift; path = azizmhkg13Tests.swift; sourceTree = "<group>"; };
		2C628BBB27CFD61000930306 /* azizmhkg13UITests.xctest */ = {isa = PBXFileReference; explicitFileType = wrapper.cfbundle; includeInIndex = 0; path = azizmhkg13UITests.xctest; sourceTree = BUILT_PRODUCTS_DIR; };
		2C628BBF27CFD61000930306 /* azizmhkg13UITests.swift */ = {isa = PBXFileReference; lastKnownFileType = sourcecode.swift; path = azizmhkg13UITests.swift; sourceTree = "<group>"; };
		2C628BC127CFD61000930306 /* azizmhkg13UITestsLaunchTests.swift */ = {isa = PBXFileReference; lastKnownFileType = sourcecode.swift; path = azizmhkg13UITestsLaunchTests.swift; sourceTree = "<group>"; };
/* End PBXFileReference section */

/* Begin PBXFrameworksBuildPhase section */
		2C628B9E27CFD60D00930306 /* Frameworks */ = {
			isa = PBXFrameworksBuildPhase;
			buildActionMask = 2147483647;
			files = (
			);
			runOnlyForDeploymentPostprocessing = 0;
		};
		2C628BAE27CFD61000930306 /* Frameworks */ = {
			isa = PBXFrameworksBuildPhase;
			buildActionMask = 2147483647;
			files = (
			);
			runOnlyForDeploymentPostprocessing = 0;
		};
		2C628BB827CFD61000930306 /* Frameworks */ = {
			isa = PBXFrameworksBuildPhase;
			buildActionMask = 2147483647;
			files = (
			);
			runOnlyForDeploymentPostprocessing = 0;
		};
/* End PBXFrameworksBuildPhase section */

/* Begin PBXGroup section */
		2C628B9827CFD60C00930306 = {
			isa = PBXGroup;
			children = (
				2C628BA327CFD60D00930306 /* azizmhkg13 */,
				2C628BB427CFD61000930306 /* azizmhkg13Tests */,
				2C628BBE27CFD61000930306 /* azizmhkg13UITests */,
				2C628BA227CFD60D00930306 /* Products */,
			);
			sourceTree = "<group>";
		};
		2C628BA227CFD60D00930306 /* Products */ = {
			isa = PBXGroup;
			children = (
				2C628BA127CFD60D00930306 /* azizmhkg13.app */,
				2C628BB127CFD61000930306 /* azizmhkg13Tests.xctest */,
				2C628BBB27CFD61000930306 /* azizmhkg13UITests.xctest */,
			);
			name = Products;
			sourceTree = "<group>";
		};
		2C628BA327CFD60D00930306 /* azizmhkg13 */ = {
			isa = PBXGroup;
			children = (
				2C628BA427CFD60D00930306 /* azizmhkg13App.swift */,
				2C628BA627CFD60D00930306 /* ContentView.swift */,
				2C628BA827CFD60F00930306 /* Assets.xcassets */,
				2C628BAA27CFD60F00930306 /* Preview Content */,
			);
			path = azizmhkg13;
			sourceTree = "<group>";
		};
		2C628BAA27CFD60F00930306 /* Preview Content */ = {
			isa = PBXGroup;
			children = (
				2C628BAB27CFD60F00930306 /* Preview Assets.xcassets */,
			);
			path = "Preview Content";
			sourceTree = "<group>";
		};
		2C628BB427CFD61000930306 /* azizmhkg13Tests */ = {
			isa = PBXGroup;
			children = (
				2C628BB527CFD61000930306 /* azizmhkg13Tests.swift */,
			);
			path = azizmhkg13Tests;
			sourceTree = "<group>";
		};
		2C628BBE27CFD61000930306 /* azizmhkg13UITests */ = {
			isa = PBXGroup;
			children = (
				2C628BBF27CFD61000930306 /* azizmhkg13UITests.swift */,
				2C628BC127CFD61000930306 /* azizmhkg13UITestsLaunchTests.swift */,
			);
			path = azizmhkg13UITests;
			sourceTree = "<group>";
		};
/* End PBXGroup section */

/* Begin PBXNativeTarget section */
		2C628BA027CFD60D00930306 /* azizmhkg13 */ = {
			isa = PBXNativeTarget;
			buildConfigurationList = 2C628BC527CFD61000930306 /* Build configuration list for PBXNativeTarget "azizmhkg13" */;
			buildPhases = (
				2C628B9D27CFD60D00930306 /* Sources */,
				2C628B9E27CFD60D00930306 /* Frameworks */,
				2C628B9F27CFD60D00930306 /* Resources */,
			);
			buildRules = (
			);
			dependencies = (
			);
			name = azizmhkg13;
			productName = azizmhkg13;
			productReference = 2C628BA127CFD60D00930306 /* azizmhkg13.app */;
			productType = "com.apple.product-type.application";
		};
		2C628BB027CFD61000930306 /* azizmhkg13Tests */ = {
			isa = PBXNativeTarget;
			buildConfigurationList = 2C628BC827CFD61000930306 /* Build configuration list for PBXNativeTarget "azizmhkg13Tests" */;
			buildPhases = (
				2C628BAD27CFD61000930306 /* Sources */,
				2C628BAE27CFD61000930306 /* Frameworks */,
				2C628BAF27CFD61000930306 /* Resources */,
			);
			buildRules = (
			);
			dependencies = (
				2C628BB327CFD61000930306 /* PBXTargetDependency */,
			);
			name = azizmhkg13Tests;
			productName = azizmhkg13Tests;
			productReference = 2C628BB127CFD61000930306 /* azizmhkg13Tests.xctest */;
			productType = "com.apple.product-type.bundle.unit-test";
		};
		2C628BBA27CFD61000930306 /* azizmhkg13UITests */ = {
			isa = PBXNativeTarget;
			buildConfigurationList = 2C628BCB27CFD61000930306 /* Build configuration list for PBXNativeTarget "azizmhkg13UITests" */;
			buildPhases = (
				2C628BB727CFD61000930306 /* Sources */,
				2C628BB827CFD61000930306 /* Frameworks */,
				2C628BB927CFD61000930306 /* Resources */,
			);
			buildRules = (
			);
			dependencies = (
				2C628BBD27CFD61000930306 /* PBXTargetDependency */,
			);
			name = azizmhkg13UITests;
			productName = azizmhkg13UITests;
			productReference = 2C628BBB27CFD61000930306 /* azizmhkg13UITests.xctest */;
			productType = "com.apple.product-type.bundle.ui-testing";
		};
/* End PBXNativeTarget section */

/* Begin PBXProject section */
		2C628B9927CFD60C00930306 /* Project object */ = {
			isa = PBXProject;
			attributes = {
				BuildIndependentTargetsInParallel = 1;
				LastSwiftUpdateCheck = 1320;
				LastUpgradeCheck = 1320;
				TargetAttributes = {
					2C628BA027CFD60D00930306 = {
						CreatedOnToolsVersion = 13.2.1;
					};
					2C628BB027CFD61000930306 = {
						CreatedOnToolsVersion = 13.2.1;
						TestTargetID = 2C628BA027CFD60D00930306;
					};
					2C628BBA27CFD61000930306 = {
						CreatedOnToolsVersion = 13.2.1;
						TestTargetID = 2C628BA027CFD60D00930306;
					};
				};
			};
			buildConfigurationList = 2C628B9C27CFD60C00930306 /* Build configuration list for PBXProject "azizmhkg13" */;
			compatibilityVersion = "Xcode 13.0";
			developmentRegion = en;
			hasScannedForEncodings = 0;
			knownRegions = (
				en,
				Base,
			);
			mainGroup = 2C628B9827CFD60C00930306;
			productRefGroup = 2C628BA227CFD60D00930306 /* Products */;
			projectDirPath = "";
			projectRoot = "";
			targets = (
				2C628BA027CFD60D00930306 /* azizmhkg13 */,
				2C628BB027CFD61000930306 /* azizmhkg13Tests */,
				2C628BBA27CFD61000930306 /* azizmhkg13UITests */,
			);
		};
/* End PBXProject section */

/* Begin PBXResourcesBuildPhase section */
		2C628B9F27CFD60D00930306 /* Resources */ = {
			isa = PBXResourcesBuildPhase;
			buildActionMask = 2147483647;
			files = (
				2C628BAC27CFD60F00930306 /* Preview Assets.xcassets in Resources */,
				2C628BA927CFD60F00930306 /* Assets.xcassets in Resources */,
			);
			runOnlyForDeploymentPostprocessing = 0;
		};
		2C628BAF27CFD61000930306 /* Resources */ = {
			isa = PBXResourcesBuildPhase;
			buildActionMask = 2147483647;
			files = (
			);
			runOnlyForDeploymentPostprocessing = 0;
		};
		2C628BB927CFD61000930306 /* Resources */ = {
			isa = PBXResourcesBuildPhase;
			buildActionMask = 2147483647;
			files = (
			);
			runOnlyForDeploymentPostprocessing = 0;
		};
/* End PBXResourcesBuildPhase section */

/* Begin PBXSourcesBuildPhase section */
		2C628B9D27CFD60D00930306 /* Sources */ = {
			isa = PBXSourcesBuildPhase;
			buildActionMask = 2147483647;
			files = (
				2C628BA727CFD60D00930306 /* ContentView.swift in Sources */,
				2C628BA527CFD60D00930306 /* azizmhkg13App.swift in Sources */,
			);
			runOnlyForDeploymentPostprocessing = 0;
		};
		2C628BAD27CFD61000930306 /* Sources */ = {
			isa = PBXSourcesBuildPhase;
			buildActionMask = 2147483647;
			files = (
				2C628BB627CFD61000930306 /* azizmhkg13Tests.swift in Sources */,
			);
			runOnlyForDeploymentPostprocessing = 0;
		};
		2C628BB727CFD61000930306 /* Sources */ = {
			isa = PBXSourcesBuildPhase;
			buildActionMask = 2147483647;
			files = (
				2C628BC027CFD61000930306 /* azizmhkg13UITests.swift in Sources */,
				2C628BC227CFD61000930306 /* azizmhkg13UITestsLaunchTests.swift in Sources */,
			);
			runOnlyForDeploymentPostprocessing = 0;
		};
/* End PBXSourcesBuildPhase section */

/* Begin PBXTargetDependency section */
		2C628BB327CFD61000930306 /* PBXTargetDependency */ = {
			isa = PBXTargetDependency;
			target = 2C628BA027CFD60D00930306 /* azizmhkg13 */;
			targetProxy = 2C628BB227CFD61000930306 /* PBXContainerItemProxy */;
		};
		2C628BBD27CFD61000930306 /* PBXTargetDependency */ = {
			isa = PBXTargetDependency;
			target = 2C628BA027CFD60D00930306 /* azizmhkg13 */;
			targetProxy = 2C628BBC27CFD61000930306 /* PBXContainerItemProxy */;
		};
/* End PBXTargetDependency section */

/* Begin XCBuildConfiguration section */
		2C628BC327CFD61000930306 /* Debug */ = {
			isa = XCBuildConfiguration;
			buildSettings = {
				ALWAYS_SEARCH_USER_PATHS = NO;
				CLANG_ANALYZER_NONNULL = YES;
				CLANG_ANALYZER_NUMBER_OBJECT_CONVERSION = YES_AGGRESSIVE;
				CLANG_CXX_LANGUAGE_STANDARD = "gnu++17";
				CLANG_CXX_LIBRARY = "libc++";
				CLANG_ENABLE_MODULES = YES;
				CLANG_ENABLE_OBJC_ARC = YES;
				CLANG_ENABLE_OBJC_WEAK = YES;
				CLANG_WARN_BLOCK_CAPTURE_AUTORELEASING = YES;
				CLANG_WARN_BOOL_CONVERSION = YES;
				CLANG_WARN_COMMA = YES;
				CLANG_WARN_CONSTANT_CONVERSION = YES;
				CLANG_WARN_DEPRECATED_OBJC_IMPLEMENTATIONS = YES;
				CLANG_WARN_DIRECT_OBJC_ISA_USAGE = YES_ERROR;
				CLANG_WARN_DOCUMENTATION_COMMENTS = YES;
				CLANG_WARN_EMPTY_BODY = YES;
				CLANG_WARN_ENUM_CONVERSION = YES;
				CLANG_WARN_INFINITE_RECURSION = YES;
				CLANG_WARN_INT_CONVERSION = YES;
				CLANG_WARN_NON_LITERAL_NULL_CONVERSION = YES;
				CLANG_WARN_OBJC_IMPLICIT_RETAIN_SELF = YES;
				CLANG_WARN_OBJC_LITERAL_CONVERSION = YES;
				CLANG_WARN_OBJC_ROOT_CLASS = YES_ERROR;
				CLANG_WARN_QUOTED_INCLUDE_IN_FRAMEWORK_HEADER = YES;
				CLANG_WARN_RANGE_LOOP_ANALYSIS = YES;
				CLANG_WARN_STRICT_PROTOTYPES = YES;
				CLANG_WARN_SUSPICIOUS_MOVE = YES;
				CLANG_WARN_UNGUARDED_AVAILABILITY = YES_AGGRESSIVE;
				CLANG_WARN_UNREACHABLE_CODE = YES;
				CLANG_WARN__DUPLICATE_METHOD_MATCH = YES;
				COPY_PHASE_STRIP = NO;
				DEBUG_INFORMATION_FORMAT = dwarf;
				ENABLE_STRICT_OBJC_MSGSEND = YES;
				ENABLE_TESTABILITY = YES;
				GCC_C_LANGUAGE_STANDARD = gnu11;
				GCC_DYNAMIC_NO_PIC = NO;
				GCC_NO_COMMON_BLOCKS = YES;
				GCC_OPTIMIZATION_LEVEL = 0;
				GCC_PREPROCESSOR_DEFINITIONS = (
					"DEBUG=1",
					"$(inherited)",
				);
				GCC_WARN_64_TO_32_BIT_CONVERSION = YES;
				GCC_WARN_ABOUT_RETURN_TYPE = YES_ERROR;
				GCC_WARN_UNDECLARED_SELECTOR = YES;
				GCC_WARN_UNINITIALIZED_AUTOS = YES_AGGRESSIVE;
				GCC_WARN_UNUSED_FUNCTION = YES;
				GCC_WARN_UNUSED_VARIABLE = YES;
				IPHONEOS_DEPLOYMENT_TARGET = 15.2;
				MTL_ENABLE_DEBUG_INFO = INCLUDE_SOURCE;
				MTL_FAST_MATH = YES;
				ONLY_ACTIVE_ARCH = YES;
				SDKROOT = iphoneos;
				SWIFT_ACTIVE_COMPILATION_CONDITIONS = DEBUG;
				SWIFT_OPTIMIZATION_LEVEL = "-Onone";
			};
			name = Debug;
		};
		2C628BC427CFD61000930306 /* Release */ = {
			isa = XCBuildConfiguration;
			buildSettings = {
				ALWAYS_SEARCH_USER_PATHS = NO;
				CLANG_ANALYZER_NONNULL = YES;
				CLANG_ANALYZER_NUMBER_OBJECT_CONVERSION = YES_AGGRESSIVE;
				CLANG_CXX_LANGUAGE_STANDARD = "gnu++17";
				CLANG_CXX_LIBRARY = "libc++";
				CLANG_ENABLE_MODULES = YES;
				CLANG_ENABLE_OBJC_ARC = YES;
				CLANG_ENABLE_OBJC_WEAK = YES;
				CLANG_WARN_BLOCK_CAPTURE_AUTORELEASING = YES;
				CLANG_WARN_BOOL_CONVERSION = YES;
				CLANG_WARN_COMMA = YES;
				CLANG_WARN_CONSTANT_CONVERSION = YES;
				CLANG_WARN_DEPRECATED_OBJC_IMPLEMENTATIONS = YES;
				CLANG_WARN_DIRECT_OBJC_ISA_USAGE = YES_ERROR;
				CLANG_WARN_DOCUMENTATION_COMMENTS = YES;
				CLANG_WARN_EMPTY_BODY = YES;
				CLANG_WARN_ENUM_CONVERSION = YES;
				CLANG_WARN_INFINITE_RECURSION = YES;
				CLANG_WARN_INT_CONVERSION = YES;
				CLANG_WARN_NON_LITERAL_NULL_CONVERSION = YES;
				CLANG_WARN_OBJC_IMPLICIT_RETAIN_SELF = YES;
				CLANG_WARN_OBJC_LITERAL_CONVERSION = YES;
				CLANG_WARN_OBJC_ROOT_CLASS = YES_ERROR;
				CLANG_WARN_QUOTED_INCLUDE_IN_FRAMEWORK_HEADER = YES;
				CLANG_WARN_RANGE_LOOP_ANALYSIS = YES;
				CLANG_WARN_STRICT_PROTOTYPES = YES;
				CLANG_WARN_SUSPICIOUS_MOVE = YES;
				CLANG_WARN_UNGUARDED_AVAILABILITY = YES_AGGRESSIVE;
				CLANG_WARN_UNREACHABLE_CODE = YES;
				CLANG_WARN__DUPLICATE_METHOD_MATCH = YES;
				COPY_PHASE_STRIP = NO;
				DEBUG_INFORMATION_FORMAT = "dwarf-with-dsym";
				ENABLE_NS_ASSERTIONS = NO;
				ENABLE_STRICT_OBJC_MSGSEND = YES;
				GCC_C_LANGUAGE_STANDARD = gnu11;
				GCC_NO_COMMON_BLOCKS = YES;
				GCC_WARN_64_TO_32_BIT_CONVERSION = YES;
				GCC_WARN_ABOUT_RETURN_TYPE = YES_ERROR;
				GCC_WARN_UNDECLARED_SELECTOR = YES;
				GCC_WARN_UNINITIALIZED_AUTOS = YES_AGGRESSIVE;
				GCC_WARN_UNUSED_FUNCTION = YES;
				GCC_WARN_UNUSED_VARIABLE = YES;
				IPHONEOS_DEPLOYMENT_TARGET = 15.2;
				MTL_ENABLE_DEBUG_INFO = NO;
				MTL_FAST_MATH = YES;
				SDKROOT = iphoneos;
				SWIFT_COMPILATION_MODE = wholemodule;
				SWIFT_OPTIMIZATION_LEVEL = "-O";
				VALIDATE_PRODUCT = YES;
			};
			name = Release;
		};
		2C628BC627CFD61000930306 /* Debug */ = {
			isa = XCBuildConfiguration;
			buildSettings = {
				ASSETCATALOG_COMPILER_APPICON_NAME = AppIcon;
				ASSETCATALOG_COMPILER_GLOBAL_ACCENT_COLOR_NAME = AccentColor;
				CODE_SIGN_STYLE = Automatic;
				CURRENT_PROJECT_VERSION = 1;
				DEVELOPMENT_ASSET_PATHS = "\"azizmhkg13/Preview Content\"";
				ENABLE_PREVIEWS = YES;
				GENERATE_INFOPLIST_FILE = YES;
				INFOPLIST_KEY_UIApplicationSceneManifest_Generation = YES;
				INFOPLIST_KEY_UIApplicationSupportsIndirectInputEvents = YES;
				INFOPLIST_KEY_UILaunchScreen_Generation = YES;
				INFOPLIST_KEY_UISupportedInterfaceOrientations_iPad = "UIInterfaceOrientationPortrait UIInterfaceOrientationPortraitUpsideDown UIInterfaceOrientationLandscapeLeft UIInterfaceOrientationLandscapeRight";
				INFOPLIST_KEY_UISupportedInterfaceOrientations_iPhone = "UIInterfaceOrientationPortrait UIInterfaceOrientationLandscapeLeft UIInterfaceOrientationLandscapeRight";
				LD_RUNPATH_SEARCH_PATHS = (
					"$(inherited)",
					"@executable_path/Frameworks",
				);
				MARKETING_VERSION = 1.0;
				PRODUCT_BUNDLE_IDENTIFIER = aziz.com.azizmhkg13;
				PRODUCT_NAME = "$(TARGET_NAME)";
				SWIFT_EMIT_LOC_STRINGS = YES;
				SWIFT_VERSION = 5.0;
				TARGETED_DEVICE_FAMILY = "1,2";
			};
			name = Debug;
		};
		2C628BC727CFD61000930306 /* Release */ = {
			isa = XCBuildConfiguration;
			buildSettings = {
				ASSETCATALOG_COMPILER_APPICON_NAME = AppIcon;
				ASSETCATALOG_COMPILER_GLOBAL_ACCENT_COLOR_NAME = AccentColor;
				CODE_SIGN_STYLE = Automatic;
				CURRENT_PROJECT_VERSION = 1;
				DEVELOPMENT_ASSET_PATHS = "\"azizmhkg13/Preview Content\"";
				ENABLE_PREVIEWS = YES;
				GENERATE_INFOPLIST_FILE = YES;
				INFOPLIST_KEY_UIApplicationSceneManifest_Generation = YES;
				INFOPLIST_KEY_UIApplicationSupportsIndirectInputEvents = YES;
				INFOPLIST_KEY_UILaunchScreen_Generation = YES;
				INFOPLIST_KEY_UISupportedInterfaceOrientations_iPad = "UIInterfaceOrientationPortrait UIInterfaceOrientationPortraitUpsideDown UIInterfaceOrientationLandscapeLeft UIInterfaceOrientationLandscapeRight";
				INFOPLIST_KEY_UISupportedInterfaceOrientations_iPhone = "UIInterfaceOrientationPortrait UIInterfaceOrientationLandscapeLeft UIInterfaceOrientationLandscapeRight";
				LD_RUNPATH_SEARCH_PATHS = (
					"$(inherited)",
					"@executable_path/Frameworks",
				);
				MARKETING_VERSION = 1.0;
				PRODUCT_BUNDLE_IDENTIFIER = aziz.com.azizmhkg13;
				PRODUCT_NAME = "$(TARGET_NAME)";
				SWIFT_EMIT_LOC_STRINGS = YES;
				SWIFT_VERSION = 5.0;
				TARGETED_DEVICE_FAMILY = "1,2";
			};
			name = Release;
		};
		2C628BC927CFD61000930306 /* Debug */ = {
			isa = XCBuildConfiguration;
			buildSettings = {
				ALWAYS_EMBED_SWIFT_STANDARD_LIBRARIES = YES;
				BUNDLE_LOADER = "$(TEST_HOST)";
				CODE_SIGN_STYLE = Automatic;
				CURRENT_PROJECT_VERSION = 1;
				GENERATE_INFOPLIST_FILE = YES;
				IPHONEOS_DEPLOYMENT_TARGET = 15.2;
				MARKETING_VERSION = 1.0;
				PRODUCT_BUNDLE_IDENTIFIER = aziz.com.azizmhkg13Tests;
				PRODUCT_NAME = "$(TARGET_NAME)";
				SWIFT_EMIT_LOC_STRINGS = NO;
				SWIFT_VERSION = 5.0;
				TARGETED_DEVICE_FAMILY = "1,2";
				TEST_HOST = "$(BUILT_PRODUCTS_DIR)/azizmhkg13.app/azizmhkg13";
			};
			name = Debug;
		};
		2C628BCA27CFD61000930306 /* Release */ = {
			isa = XCBuildConfiguration;
			buildSettings = {
				ALWAYS_EMBED_SWIFT_STANDARD_LIBRARIES = YES;
				BUNDLE_LOADER = "$(TEST_HOST)";
				CODE_SIGN_STYLE = Automatic;
				CURRENT_PROJECT_VERSION = 1;
				GENERATE_INFOPLIST_FILE = YES;
				IPHONEOS_DEPLOYMENT_TARGET = 15.2;
				MARKETING_VERSION = 1.0;
				PRODUCT_BUNDLE_IDENTIFIER = aziz.com.azizmhkg13Tests;
				PRODUCT_NAME = "$(TARGET_NAME)";
				SWIFT_EMIT_LOC_STRINGS = NO;
				SWIFT_VERSION = 5.0;
				TARGETED_DEVICE_FAMILY = "1,2";
				TEST_HOST = "$(BUILT_PRODUCTS_DIR)/azizmhkg13.app/azizmhkg13";
			};
			name = Release;
		};
		2C628BCC27CFD61000930306 /* Debug */ = {
			isa = XCBuildConfiguration;
			buildSettings = {
				ALWAYS_EMBED_SWIFT_STANDARD_LIBRARIES = YES;
				CODE_SIGN_STYLE = Automatic;
				CURRENT_PROJECT_VERSION = 1;
				GENERATE_INFOPLIST_FILE = YES;
				MARKETING_VERSION = 1.0;
				PRODUCT_BUNDLE_IDENTIFIER = aziz.com.azizmhkg13UITests;
				PRODUCT_NAME = "$(TARGET_NAME)";
				SWIFT_EMIT_LOC_STRINGS = NO;
				SWIFT_VERSION = 5.0;
				TARGETED_DEVICE_FAMILY = "1,2";
				TEST_TARGET_NAME = azizmhkg13;
			};
			name = Debug;
		};
		2C628BCD27CFD61000930306 /* Release */ = {
			isa = XCBuildConfiguration;
			buildSettings = {
				ALWAYS_EMBED_SWIFT_STANDARD_LIBRARIES = YES;
				CODE_SIGN_STYLE = Automatic;
				CURRENT_PROJECT_VERSION = 1;
				GENERATE_INFOPLIST_FILE = YES;
				MARKETING_VERSION = 1.0;
				PRODUCT_BUNDLE_IDENTIFIER = aziz.com.azizmhkg13UITests;
				PRODUCT_NAME = "$(TARGET_NAME)";
				SWIFT_EMIT_LOC_STRINGS = NO;
				SWIFT_VERSION = 5.0;
				TARGETED_DEVICE_FAMILY = "1,2";
				TEST_TARGET_NAME = azizmhkg13;
			};
			name = Release;
		};
/* End XCBuildConfiguration section */

/* Begin XCConfigurationList section */
		2C628B9C27CFD60C00930306 /* Build configuration list for PBXProject "azizmhkg13" */ = {
			isa = XCConfigurationList;
			buildConfigurations = (
				2C628BC327CFD61000930306 /* Debug */,
				2C628BC427CFD61000930306 /* Release */,
			);
			defaultConfigurationIsVisible = 0;
			defaultConfigurationName = Release;
		};
		2C628BC527CFD61000930306 /* Build configuration list for PBXNativeTarget "azizmhkg13" */ = {
			isa = XCConfigurationList;
			buildConfigurations = (
				2C628BC627CFD61000930306 /* Debug */,
				2C628BC727CFD61000930306 /* Release */,
			);
			defaultConfigurationIsVisible = 0;
			defaultConfigurationName = Release;
		};
		2C628BC827CFD61000930306 /* Build configuration list for PBXNativeTarget "azizmhkg13Tests" */ = {
			isa = XCConfigurationList;
			buildConfigurations = (
				2C628BC927CFD61000930306 /* Debug */,
				2C628BCA27CFD61000930306 /* Release */,
			);
			defaultConfigurationIsVisible = 0;
			defaultConfigurationName = Release;
		};
		2C628BCB27CFD61000930306 /* Build configuration list for PBXNativeTarget "azizmhkg13UITests" */ = {
			isa = XCConfigurationList;
			buildConfigurations = (
				2C628BCC27CFD61000930306 /* Debug */,
				2C628BCD27CFD61000930306 /* Release */,
			);
			defaultConfigurationIsVisible = 0;
			defaultConfigurationName = Release;
		};
/* End XCConfigurationList section */
	};
	rootObject = 2C628B9927CFD60C00930306 /* Project object */;
}
